
Microsoft Visual Studio Solution File, Format Version 12.00
# Visual Studio Version 16
VisualStudioVersion = 16.0.29123.88
MinimumVisualStudioVersion = 10.0.40219.1
Project("{FAE04EC0-301F-11D3-BF4B-00C04F79EFBC}") = "Laboratorio-03-daojeda1", "Laboratorio-03-daojeda1\Laboratorio-03-daojeda1.csproj", "{58320590-A0D4-41E8-82E6-DA66C7DA1E82}"
EndProject
Global
	GlobalSection(SolutionConfigurationPlatforms) = preSolution
		Debug|Any CPU = Debug|Any CPU
		Release|Any CPU = Release|Any CPU
	EndGlobalSection
	GlobalSection(ProjectConfigurationPlatforms) = postSolution
		{58320590-A0D4-41E8-82E6-DA66C7DA1E82}.Debug|Any CPU.ActiveCfg = Debug|Any CPU
		{58320590-A0D4-41E8-82E6-DA66C7DA1E82}.Debug|Any CPU.Build.0 = Debug|Any CPU
		{58320590-A0D4-41E8-82E6-DA66C7DA1E82}.Release|Any CPU.ActiveCfg = Release|Any CPU
		{58320590-A0D4-41E8-82E6-DA66C7DA1E82}.Release|Any CPU.Build.0 = Release|Any CPU
	EndGlobalSection
	GlobalSection(SolutionProperties) = preSolution
		HideSolutionNode = FALSE
	EndGlobalSection
	GlobalSection(ExtensibilityGlobals) = postSolution
		SolutionGuid = {F6E2F54E-88C7-4E70-956B-43E45CC6934C}
	EndGlobalSection
EndGlobal
